
Microsoft Visual Studio Solution File, Format Version 12.00
# Visual Studio Version 17
VisualStudioVersion = 17.0.31903.59
MinimumVisualStudioVersion = 10.0.40219.1
Project("{2150E333-8FDC-42A3-9474-1A3956D46DE8}") = "NotificationService", "NotificationService", "{FA5A78B1-184D-4EA6-AAF5-87FF7957FFFC}"
EndProject
Project("{FAE04EC0-301F-11D3-BF4B-00C04F79EFBC}") = "TaskManager.Notification.API", "NotificationService\TaskManager.Notification.API\TaskManager.Notification.API.csproj", "{933460A3-3ACF-4879-8739-126B8DD8EE0D}"
EndProject
Project("{2150E333-8FDC-42A3-9474-1A3956D46DE8}") = "TaskService", "TaskService", "{A12FE2C1-2A54-43AC-8F53-61B3E9A5BF70}"
	ProjectSection(SolutionItems) = preProject
		TaskService\Dockerfile = TaskService\Dockerfile
	EndProjectSection
EndProject
Project("{FAE04EC0-301F-11D3-BF4B-00C04F79EFBC}") = "TaskManager.Task.API", "TaskService\TaskManager.Task.API\TaskManager.Task.API.csproj", "{53B48353-0301-470B-831D-77E34349DD12}"
EndProject
Project("{2150E333-8FDC-42A3-9474-1A3956D46DE8}") = "TeamService", "TeamService", "{0DF07E3C-A019-42B0-B552-3A4DB7127084}"
	ProjectSection(SolutionItems) = preProject
		TeamService\Dockerfile = TeamService\Dockerfile
	EndProjectSection
EndProject
Project("{FAE04EC0-301F-11D3-BF4B-00C04F79EFBC}") = "TaskManager.Team.API", "TeamService\TaskManager.Team.API\TaskManager.Team.API.csproj", "{88B55FF1-B20B-4DF9-AFA0-5AEFD1B90752}"
EndProject
Project("{2150E333-8FDC-42A3-9474-1A3956D46DE8}") = "Shared", "Shared", "{8AAB16A0-0EA5-49CA-B3F1-9D9F919D2F2D}"
EndProject
Project("{FAE04EC0-301F-11D3-BF4B-00C04F79EFBC}") = "TaskManager.Database", "Shared\TaskManager.Database\TaskManager.Database.csproj", "{472A3681-2B0B-40C6-9D41-530CB46BF46E}"
EndProject
Project("{FAE04EC0-301F-11D3-BF4B-00C04F79EFBC}") = "TaskManager.Cache", "Shared\TaskManager.Cache\TaskManager.Cache.csproj", "{DC67F8D0-41AB-47B9-8E8C-634550C7651B}"
EndProject
Project("{FAE04EC0-301F-11D3-BF4B-00C04F79EFBC}") = "TaskManager.MessageBroker", "Shared\TaskManager.MessageBroker\TaskManager.MessageBroker.csproj", "{43A868F3-5EA0-4797-A84D-6F6F15ED8F4C}"
EndProject
Project("{FAE04EC0-301F-11D3-BF4B-00C04F79EFBC}") = "TaskManager.Core", "Shared\TaskManager.Core\TaskManager.Core.csproj", "{D861932C-3BF3-4278-B472-1C6E0318E42E}"
EndProject
Project("{FAE04EC0-301F-11D3-BF4B-00C04F79EFBC}") = "TaskManager.Notification.Logic", "NotificationService\TaskManager.Notification.Logic\TaskManager.Notification.Logic.csproj", "{F5DCE748-0EC7-4082-9DF9-A6867C5BBB26}"
EndProject
Project("{FAE04EC0-301F-11D3-BF4B-00C04F79EFBC}") = "TaskManager.Task.Logic", "TaskService\TaskManager.Task.Logic\TaskManager.Task.Logic.csproj", "{12E0B71B-BEF5-4C8B-B456-664A73DEBE18}"
EndProject
Project("{FAE04EC0-301F-11D3-BF4B-00C04F79EFBC}") = "TaskManager.Task.Repository", "TaskService\TaskManager.Task.Repository\TaskManager.Task.Repository.csproj", "{5DD8D1F5-EFF1-489C-9071-CEDEE96568AE}"
EndProject
Project("{FAE04EC0-301F-11D3-BF4B-00C04F79EFBC}") = "TaskManager.Team.Logic", "TeamService\TaskManager.Team.Logic\TaskManager.Team.Logic.csproj", "{DAD3BB04-42E2-4290-98C3-A1837B355018}"
EndProject
Project("{FAE04EC0-301F-11D3-BF4B-00C04F79EFBC}") = "TaskManager.Team.Repository", "TeamService\TaskManager.Team.Repository\TaskManager.Team.Repository.csproj", "{8E50028C-20C6-44CA-8243-0524388420A3}"
EndProject
Project("{FAE04EC0-301F-11D3-BF4B-00C04F79EFBC}") = "TaskManager.APIGateway", "TaskManager.APIGateway\TaskManager.APIGateway.csproj", "{8D80358E-7F15-4170-896E-8D41A29570DA}"
EndProject
Global
	GlobalSection(SolutionConfigurationPlatforms) = preSolution
		Debug|Any CPU = Debug|Any CPU
		Release|Any CPU = Release|Any CPU
	EndGlobalSection
	GlobalSection(SolutionProperties) = preSolution
		HideSolutionNode = FALSE
	EndGlobalSection
	GlobalSection(ProjectConfigurationPlatforms) = postSolution
		{933460A3-3ACF-4879-8739-126B8DD8EE0D}.Debug|Any CPU.ActiveCfg = Debug|Any CPU
		{933460A3-3ACF-4879-8739-126B8DD8EE0D}.Debug|Any CPU.Build.0 = Debug|Any CPU
		{933460A3-3ACF-4879-8739-126B8DD8EE0D}.Release|Any CPU.ActiveCfg = Release|Any CPU
		{933460A3-3ACF-4879-8739-126B8DD8EE0D}.Release|Any CPU.Build.0 = Release|Any CPU
		{53B48353-0301-470B-831D-77E34349DD12}.Debug|Any CPU.ActiveCfg = Debug|Any CPU
		{53B48353-0301-470B-831D-77E34349DD12}.Debug|Any CPU.Build.0 = Debug|Any CPU
		{53B48353-0301-470B-831D-77E34349DD12}.Release|Any CPU.ActiveCfg = Release|Any CPU
		{53B48353-0301-470B-831D-77E34349DD12}.Release|Any CPU.Build.0 = Release|Any CPU
		{88B55FF1-B20B-4DF9-AFA0-5AEFD1B90752}.Debug|Any CPU.ActiveCfg = Debug|Any CPU
		{88B55FF1-B20B-4DF9-AFA0-5AEFD1B90752}.Debug|Any CPU.Build.0 = Debug|Any CPU
		{88B55FF1-B20B-4DF9-AFA0-5AEFD1B90752}.Release|Any CPU.ActiveCfg = Release|Any CPU
		{88B55FF1-B20B-4DF9-AFA0-5AEFD1B90752}.Release|Any CPU.Build.0 = Release|Any CPU
		{472A3681-2B0B-40C6-9D41-530CB46BF46E}.Debug|Any CPU.ActiveCfg = Debug|Any CPU
		{472A3681-2B0B-40C6-9D41-530CB46BF46E}.Debug|Any CPU.Build.0 = Debug|Any CPU
		{472A3681-2B0B-40C6-9D41-530CB46BF46E}.Release|Any CPU.ActiveCfg = Release|Any CPU
		{472A3681-2B0B-40C6-9D41-530CB46BF46E}.Release|Any CPU.Build.0 = Release|Any CPU
		{DC67F8D0-41AB-47B9-8E8C-634550C7651B}.Debug|Any CPU.ActiveCfg = Debug|Any CPU
		{DC67F8D0-41AB-47B9-8E8C-634550C7651B}.Debug|Any CPU.Build.0 = Debug|Any CPU
		{DC67F8D0-41AB-47B9-8E8C-634550C7651B}.Release|Any CPU.ActiveCfg = Release|Any CPU
		{DC67F8D0-41AB-47B9-8E8C-634550C7651B}.Release|Any CPU.Build.0 = Release|Any CPU
		{43A868F3-5EA0-4797-A84D-6F6F15ED8F4C}.Debug|Any CPU.ActiveCfg = Debug|Any CPU
		{43A868F3-5EA0-4797-A84D-6F6F15ED8F4C}.Debug|Any CPU.Build.0 = Debug|Any CPU
		{43A868F3-5EA0-4797-A84D-6F6F15ED8F4C}.Release|Any CPU.ActiveCfg = Release|Any CPU
		{43A868F3-5EA0-4797-A84D-6F6F15ED8F4C}.Release|Any CPU.Build.0 = Release|Any CPU
		{D861932C-3BF3-4278-B472-1C6E0318E42E}.Debug|Any CPU.ActiveCfg = Debug|Any CPU
		{D861932C-3BF3-4278-B472-1C6E0318E42E}.Debug|Any CPU.Build.0 = Debug|Any CPU
		{D861932C-3BF3-4278-B472-1C6E0318E42E}.Release|Any CPU.ActiveCfg = Release|Any CPU
		{D861932C-3BF3-4278-B472-1C6E0318E42E}.Release|Any CPU.Build.0 = Release|Any CPU
		{F5DCE748-0EC7-4082-9DF9-A6867C5BBB26}.Debug|Any CPU.ActiveCfg = Debug|Any CPU
		{F5DCE748-0EC7-4082-9DF9-A6867C5BBB26}.Debug|Any CPU.Build.0 = Debug|Any CPU
		{F5DCE748-0EC7-4082-9DF9-A6867C5BBB26}.Release|Any CPU.ActiveCfg = Release|Any CPU
		{F5DCE748-0EC7-4082-9DF9-A6867C5BBB26}.Release|Any CPU.Build.0 = Release|Any CPU
		{12E0B71B-BEF5-4C8B-B456-664A73DEBE18}.Debug|Any CPU.ActiveCfg = Debug|Any CPU
		{12E0B71B-BEF5-4C8B-B456-664A73DEBE18}.Debug|Any CPU.Build.0 = Debug|Any CPU
		{12E0B71B-BEF5-4C8B-B456-664A73DEBE18}.Release|Any CPU.ActiveCfg = Release|Any CPU
		{12E0B71B-BEF5-4C8B-B456-664A73DEBE18}.Release|Any CPU.Build.0 = Release|Any CPU
		{5DD8D1F5-EFF1-489C-9071-CEDEE96568AE}.Debug|Any CPU.ActiveCfg = Debug|Any CPU
		{5DD8D1F5-EFF1-489C-9071-CEDEE96568AE}.Debug|Any CPU.Build.0 = Debug|Any CPU
		{5DD8D1F5-EFF1-489C-9071-CEDEE96568AE}.Release|Any CPU.ActiveCfg = Release|Any CPU
		{5DD8D1F5-EFF1-489C-9071-CEDEE96568AE}.Release|Any CPU.Build.0 = Release|Any CPU
		{DAD3BB04-42E2-4290-98C3-A1837B355018}.Debug|Any CPU.ActiveCfg = Debug|Any CPU
		{DAD3BB04-42E2-4290-98C3-A1837B355018}.Debug|Any CPU.Build.0 = Debug|Any CPU
		{DAD3BB04-42E2-4290-98C3-A1837B355018}.Release|Any CPU.ActiveCfg = Release|Any CPU
		{DAD3BB04-42E2-4290-98C3-A1837B355018}.Release|Any CPU.Build.0 = Release|Any CPU
		{8E50028C-20C6-44CA-8243-0524388420A3}.Debug|Any CPU.ActiveCfg = Debug|Any CPU
		{8E50028C-20C6-44CA-8243-0524388420A3}.Debug|Any CPU.Build.0 = Debug|Any CPU
		{8E50028C-20C6-44CA-8243-0524388420A3}.Release|Any CPU.ActiveCfg = Release|Any CPU
		{8E50028C-20C6-44CA-8243-0524388420A3}.Release|Any CPU.Build.0 = Release|Any CPU
		{8D80358E-7F15-4170-896E-8D41A29570DA}.Debug|Any CPU.ActiveCfg = Debug|Any CPU
		{8D80358E-7F15-4170-896E-8D41A29570DA}.Debug|Any CPU.Build.0 = Debug|Any CPU
		{8D80358E-7F15-4170-896E-8D41A29570DA}.Release|Any CPU.ActiveCfg = Release|Any CPU
		{8D80358E-7F15-4170-896E-8D41A29570DA}.Release|Any CPU.Build.0 = Release|Any CPU
	EndGlobalSection
	GlobalSection(NestedProjects) = preSolution
		{933460A3-3ACF-4879-8739-126B8DD8EE0D} = {FA5A78B1-184D-4EA6-AAF5-87FF7957FFFC}
		{53B48353-0301-470B-831D-77E34349DD12} = {A12FE2C1-2A54-43AC-8F53-61B3E9A5BF70}
		{88B55FF1-B20B-4DF9-AFA0-5AEFD1B90752} = {0DF07E3C-A019-42B0-B552-3A4DB7127084}
		{472A3681-2B0B-40C6-9D41-530CB46BF46E} = {8AAB16A0-0EA5-49CA-B3F1-9D9F919D2F2D}
		{DC67F8D0-41AB-47B9-8E8C-634550C7651B} = {8AAB16A0-0EA5-49CA-B3F1-9D9F919D2F2D}
		{43A868F3-5EA0-4797-A84D-6F6F15ED8F4C} = {8AAB16A0-0EA5-49CA-B3F1-9D9F919D2F2D}
		{D861932C-3BF3-4278-B472-1C6E0318E42E} = {8AAB16A0-0EA5-49CA-B3F1-9D9F919D2F2D}
		{F5DCE748-0EC7-4082-9DF9-A6867C5BBB26} = {FA5A78B1-184D-4EA6-AAF5-87FF7957FFFC}
		{12E0B71B-BEF5-4C8B-B456-664A73DEBE18} = {A12FE2C1-2A54-43AC-8F53-61B3E9A5BF70}
		{5DD8D1F5-EFF1-489C-9071-CEDEE96568AE} = {A12FE2C1-2A54-43AC-8F53-61B3E9A5BF70}
		{DAD3BB04-42E2-4290-98C3-A1837B355018} = {0DF07E3C-A019-42B0-B552-3A4DB7127084}
		{8E50028C-20C6-44CA-8243-0524388420A3} = {0DF07E3C-A019-42B0-B552-3A4DB7127084}
	EndGlobalSection
EndGlobal
