
Microsoft Visual Studio Solution File, Format Version 12.00
# Visual Studio Version 16
VisualStudioVersion = 25.0.1706.4
MinimumVisualStudioVersion = 10.0.40219.1
Project("{FAE04EC0-301F-11D3-BF4B-00C04F79EFBC}") = "TaskManager.Team.API", "TaskManager.Team.API.csproj", "{35552FB4-D4EE-45C0-849A-6FA9900354ED}"
EndProject
Global
	GlobalSection(SolutionConfigurationPlatforms) = preSolution
		Debug|Any CPU = Debug|Any CPU
		Release|Any CPU = Release|Any CPU
	EndGlobalSection
	GlobalSection(ProjectConfigurationPlatforms) = postSolution
		{35552FB4-D4EE-45C0-849A-6FA9900354ED}.Debug|Any CPU.ActiveCfg = Debug|Any CPU
		{35552FB4-D4EE-45C0-849A-6FA9900354ED}.Debug|Any CPU.Build.0 = Debug|Any CPU
		{35552FB4-D4EE-45C0-849A-6FA9900354ED}.Release|Any CPU.ActiveCfg = Release|Any CPU
		{35552FB4-D4EE-45C0-849A-6FA9900354ED}.Release|Any CPU.Build.0 = Release|Any CPU
	EndGlobalSection
	GlobalSection(SolutionProperties) = preSolution
		HideSolutionNode = FALSE
	EndGlobalSection
	GlobalSection(ExtensibilityGlobals) = postSolution
		SolutionGuid = {D52BC990-5480-4DBF-AAB3-94D5AE122BBB}
	EndGlobalSection
EndGlobal
